
Microsoft Visual Studio Solution File, Format Version 12.00
# Visual Studio Version 17
VisualStudioVersion = 17.3.32929.385
MinimumVisualStudioVersion = 10.0.40219.1
Project("{FAE04EC0-301F-11D3-BF4B-00C04F79EFBC}") = "TheCollectiveAPI", "TheCollectiveAPI\TheCollectiveAPI.csproj", "{2090576E-AB48-4D05-B938-43832973590B}"
EndProject
Global
	GlobalSection(SolutionConfigurationPlatforms) = preSolution
		Debug|Any CPU = Debug|Any CPU
		Release|Any CPU = Release|Any CPU
	EndGlobalSection
	GlobalSection(ProjectConfigurationPlatforms) = postSolution
		{2090576E-AB48-4D05-B938-43832973590B}.Debug|Any CPU.ActiveCfg = Debug|Any CPU
		{2090576E-AB48-4D05-B938-43832973590B}.Debug|Any CPU.Build.0 = Debug|Any CPU
		{2090576E-AB48-4D05-B938-43832973590B}.Release|Any CPU.ActiveCfg = Release|Any CPU
		{2090576E-AB48-4D05-B938-43832973590B}.Release|Any CPU.Build.0 = Release|Any CPU
	EndGlobalSection
	GlobalSection(SolutionProperties) = preSolution
		HideSolutionNode = FALSE
	EndGlobalSection
	GlobalSection(ExtensibilityGlobals) = postSolution
		SolutionGuid = {2D7D750B-1DC2-4683-9B8E-B18032954486}
	EndGlobalSection
EndGlobal
