
Microsoft Visual Studio Solution File, Format Version 12.00
# Visual Studio Version 16
VisualStudioVersion = 25.0.1703.8
MinimumVisualStudioVersion = 10.0.40219.1
Project("{FAE04EC0-301F-11D3-BF4B-00C04F79EFBC}") = "TheCollectiveAPI", "TheCollectiveAPI.csproj", "{D1F34FC8-9BC3-4867-A9F2-3339ADBD0218}"
EndProject
Global
	GlobalSection(SolutionConfigurationPlatforms) = preSolution
		Debug|Any CPU = Debug|Any CPU
		Release|Any CPU = Release|Any CPU
	EndGlobalSection
	GlobalSection(ProjectConfigurationPlatforms) = postSolution
		{D1F34FC8-9BC3-4867-A9F2-3339ADBD0218}.Debug|Any CPU.ActiveCfg = Debug|Any CPU
		{D1F34FC8-9BC3-4867-A9F2-3339ADBD0218}.Debug|Any CPU.Build.0 = Debug|Any CPU
		{D1F34FC8-9BC3-4867-A9F2-3339ADBD0218}.Release|Any CPU.ActiveCfg = Release|Any CPU
		{D1F34FC8-9BC3-4867-A9F2-3339ADBD0218}.Release|Any CPU.Build.0 = Release|Any CPU
	EndGlobalSection
	GlobalSection(SolutionProperties) = preSolution
		HideSolutionNode = FALSE
	EndGlobalSection
	GlobalSection(ExtensibilityGlobals) = postSolution
		SolutionGuid = {C0722CAD-0ECB-4CCF-9A0B-02433DC2C148}
	EndGlobalSection
EndGlobal
